
Microsoft Visual Studio Solution File, Format Version 12.00
# Visual Studio Version 17
VisualStudioVersion = 17.13.35931.197 d17.13
MinimumVisualStudioVersion = 10.0.40219.1
Project("{FAE04EC0-301F-11D3-BF4B-00C04F79EFBC}") = "Day2  Lab", "Day2  Lab\Day2  Lab.csproj", "{767AB07A-3FA0-4B24-A00A-742BD5583377}"
EndProject
Global
	GlobalSection(SolutionConfigurationPlatforms) = preSolution
		Debug|Any CPU = Debug|Any CPU
		Release|Any CPU = Release|Any CPU
	EndGlobalSection
	GlobalSection(ProjectConfigurationPlatforms) = postSolution
		{767AB07A-3FA0-4B24-A00A-742BD5583377}.Debug|Any CPU.ActiveCfg = Debug|Any CPU
		{767AB07A-3FA0-4B24-A00A-742BD5583377}.Debug|Any CPU.Build.0 = Debug|Any CPU
		{767AB07A-3FA0-4B24-A00A-742BD5583377}.Release|Any CPU.ActiveCfg = Release|Any CPU
		{767AB07A-3FA0-4B24-A00A-742BD5583377}.Release|Any CPU.Build.0 = Release|Any CPU
	EndGlobalSection
	GlobalSection(SolutionProperties) = preSolution
		HideSolutionNode = FALSE
	EndGlobalSection
	GlobalSection(ExtensibilityGlobals) = postSolution
		SolutionGuid = {5F8E5136-4534-4F66-A003-3AF46D832AED}
	EndGlobalSection
EndGlobal
